
Microsoft Visual Studio Solution File, Format Version 12.00
# Visual Studio Version 17
VisualStudioVersion = 17.14.36310.24
MinimumVisualStudioVersion = 10.0.40219.1
Project("{FAE04EC0-301F-11D3-BF4B-00C04F79EFBC}") = "MultitenantPOS.Module", "MultitenantPOS.Module\MultitenantPOS.Module.csproj", "{B749FB94-A273-149A-7CBD-B9CF8071F718}"
EndProject
Project("{FAE04EC0-301F-11D3-BF4B-00C04F79EFBC}") = "MultitenantPOS.Win", "MultitenantPOS.Win\MultitenantPOS.Win.csproj", "{4A3833B7-0E52-D6EE-106F-1218E8C330C9}"
EndProject
Project("{FAE04EC0-301F-11D3-BF4B-00C04F79EFBC}") = "MultitenantPOS.Blazor.Server", "MultitenantPOS.Blazor.Server\MultitenantPOS.Blazor.Server.csproj", "{AFD77951-821C-E5D2-719E-C6E46E3EEF3C}"
EndProject
Project("{FAE04EC0-301F-11D3-BF4B-00C04F79EFBC}") = "MultitenantPOS.E2E.Tests", "MultitenantPOS.E2E.Tests\MultitenantPOS.E2E.Tests.csproj", "{D8E14F2C-31E1-9295-68E3-7087824A57CF}"
EndProject
Global
	GlobalSection(SolutionConfigurationPlatforms) = preSolution
		Debug|Any CPU = Debug|Any CPU
		EasyTest|Any CPU = EasyTest|Any CPU
		Release|Any CPU = Release|Any CPU
	EndGlobalSection
	GlobalSection(ProjectConfigurationPlatforms) = postSolution
		{B749FB94-A273-149A-7CBD-B9CF8071F718}.Debug|Any CPU.ActiveCfg = Debug|Any CPU
		{B749FB94-A273-149A-7CBD-B9CF8071F718}.Debug|Any CPU.Build.0 = Debug|Any CPU
		{B749FB94-A273-149A-7CBD-B9CF8071F718}.EasyTest|Any CPU.ActiveCfg = EasyTest|Any CPU
		{B749FB94-A273-149A-7CBD-B9CF8071F718}.EasyTest|Any CPU.Build.0 = EasyTest|Any CPU
		{B749FB94-A273-149A-7CBD-B9CF8071F718}.Release|Any CPU.ActiveCfg = Release|Any CPU
		{B749FB94-A273-149A-7CBD-B9CF8071F718}.Release|Any CPU.Build.0 = Release|Any CPU
		{4A3833B7-0E52-D6EE-106F-1218E8C330C9}.Debug|Any CPU.ActiveCfg = Debug|Any CPU
		{4A3833B7-0E52-D6EE-106F-1218E8C330C9}.Debug|Any CPU.Build.0 = Debug|Any CPU
		{4A3833B7-0E52-D6EE-106F-1218E8C330C9}.EasyTest|Any CPU.ActiveCfg = EasyTest|Any CPU
		{4A3833B7-0E52-D6EE-106F-1218E8C330C9}.EasyTest|Any CPU.Build.0 = EasyTest|Any CPU
		{4A3833B7-0E52-D6EE-106F-1218E8C330C9}.Release|Any CPU.ActiveCfg = Release|Any CPU
		{4A3833B7-0E52-D6EE-106F-1218E8C330C9}.Release|Any CPU.Build.0 = Release|Any CPU
		{AFD77951-821C-E5D2-719E-C6E46E3EEF3C}.Debug|Any CPU.ActiveCfg = Debug|Any CPU
		{AFD77951-821C-E5D2-719E-C6E46E3EEF3C}.Debug|Any CPU.Build.0 = Debug|Any CPU
		{AFD77951-821C-E5D2-719E-C6E46E3EEF3C}.EasyTest|Any CPU.ActiveCfg = EasyTest|Any CPU
		{AFD77951-821C-E5D2-719E-C6E46E3EEF3C}.EasyTest|Any CPU.Build.0 = EasyTest|Any CPU
		{AFD77951-821C-E5D2-719E-C6E46E3EEF3C}.Release|Any CPU.ActiveCfg = Release|Any CPU
		{AFD77951-821C-E5D2-719E-C6E46E3EEF3C}.Release|Any CPU.Build.0 = Release|Any CPU
		{D8E14F2C-31E1-9295-68E3-7087824A57CF}.Debug|Any CPU.ActiveCfg = Debug|Any CPU
		{D8E14F2C-31E1-9295-68E3-7087824A57CF}.Debug|Any CPU.Build.0 = Debug|Any CPU
		{D8E14F2C-31E1-9295-68E3-7087824A57CF}.EasyTest|Any CPU.ActiveCfg = EasyTest|Any CPU
		{D8E14F2C-31E1-9295-68E3-7087824A57CF}.EasyTest|Any CPU.Build.0 = EasyTest|Any CPU
		{D8E14F2C-31E1-9295-68E3-7087824A57CF}.Release|Any CPU.ActiveCfg = Release|Any CPU
		{D8E14F2C-31E1-9295-68E3-7087824A57CF}.Release|Any CPU.Build.0 = Release|Any CPU
	EndGlobalSection
	GlobalSection(SolutionProperties) = preSolution
		HideSolutionNode = FALSE
	EndGlobalSection
EndGlobal
